
Microsoft Visual Studio Solution File, Format Version 11.00
# Visual Studio 2010
Project("{FAE04EC0-301F-11D3-BF4B-00C04F79EFBC}") = "acessoBD_incluir", "acessoBD_incluir\acessoBD_incluir.csproj", "{8D07ED73-2C93-4039-BD3D-9C24E3CE885F}"
EndProject
Global
	GlobalSection(SolutionConfigurationPlatforms) = preSolution
		Debug|Any CPU = Debug|Any CPU
		Release|Any CPU = Release|Any CPU
	EndGlobalSection
	GlobalSection(ProjectConfigurationPlatforms) = postSolution
		{8D07ED73-2C93-4039-BD3D-9C24E3CE885F}.Debug|Any CPU.ActiveCfg = Debug|Any CPU
		{8D07ED73-2C93-4039-BD3D-9C24E3CE885F}.Debug|Any CPU.Build.0 = Debug|Any CPU
		{8D07ED73-2C93-4039-BD3D-9C24E3CE885F}.Release|Any CPU.ActiveCfg = Release|Any CPU
		{8D07ED73-2C93-4039-BD3D-9C24E3CE885F}.Release|Any CPU.Build.0 = Release|Any CPU
	EndGlobalSection
	GlobalSection(SolutionProperties) = preSolution
		HideSolutionNode = FALSE
	EndGlobalSection
EndGlobal
