
Microsoft Visual Studio Solution File, Format Version 11.00
# Visual Studio 2010
Project("{E24C65DC-7377-472B-9ABA-BC803B73C61A}") = "MinhaLista", "..\..\MinhaLista\", "{11D9CAC1-5A3C-422E-BB2E-3230DFCE640E}"
	ProjectSection(WebsiteProperties) = preProject
		TargetFrameworkMoniker = ".NETFramework,Version%3Dv4.0"
		Debug.AspNetCompiler.VirtualPath = "/MinhaLista"
		Debug.AspNetCompiler.PhysicalPath = "..\..\MinhaLista\"
		Debug.AspNetCompiler.TargetPath = "PrecompiledWeb\MinhaLista\"
		Debug.AspNetCompiler.Updateable = "true"
		Debug.AspNetCompiler.ForceOverwrite = "true"
		Debug.AspNetCompiler.FixedNames = "false"
		Debug.AspNetCompiler.Debug = "True"
		Release.AspNetCompiler.VirtualPath = "/MinhaLista"
		Release.AspNetCompiler.PhysicalPath = "..\..\MinhaLista\"
		Release.AspNetCompiler.TargetPath = "PrecompiledWeb\MinhaLista\"
		Release.AspNetCompiler.Updateable = "true"
		Release.AspNetCompiler.ForceOverwrite = "true"
		Release.AspNetCompiler.FixedNames = "false"
		Release.AspNetCompiler.Debug = "False"
		VWDPort = "51860"
		DefaultWebSiteLanguage = "Visual C#"
	EndProjectSection
EndProject
Global
	GlobalSection(SolutionConfigurationPlatforms) = preSolution
		Debug|Any CPU = Debug|Any CPU
	EndGlobalSection
	GlobalSection(ProjectConfigurationPlatforms) = postSolution
		{11D9CAC1-5A3C-422E-BB2E-3230DFCE640E}.Debug|Any CPU.ActiveCfg = Debug|Any CPU
		{11D9CAC1-5A3C-422E-BB2E-3230DFCE640E}.Debug|Any CPU.Build.0 = Debug|Any CPU
	EndGlobalSection
	GlobalSection(SolutionProperties) = preSolution
		HideSolutionNode = FALSE
	EndGlobalSection
EndGlobal
